
Microsoft Visual Studio Solution File, Format Version 12.00
# Visual Studio Version 17
VisualStudioVersion = 17.6.33723.286
MinimumVisualStudioVersion = 10.0.40219.1
Project("{FAE04EC0-301F-11D3-BF4B-00C04F79EFBC}") = "WPF-laba-26", "WPF-laba-26\WPF-laba-26.csproj", "{3F06DFA1-06BD-46D1-A2F7-53F4AC5351DA}"
EndProject
Global
	GlobalSection(SolutionConfigurationPlatforms) = preSolution
		Debug|Any CPU = Debug|Any CPU
		Release|Any CPU = Release|Any CPU
	EndGlobalSection
	GlobalSection(ProjectConfigurationPlatforms) = postSolution
		{3F06DFA1-06BD-46D1-A2F7-53F4AC5351DA}.Debug|Any CPU.ActiveCfg = Debug|Any CPU
		{3F06DFA1-06BD-46D1-A2F7-53F4AC5351DA}.Debug|Any CPU.Build.0 = Debug|Any CPU
		{3F06DFA1-06BD-46D1-A2F7-53F4AC5351DA}.Release|Any CPU.ActiveCfg = Release|Any CPU
		{3F06DFA1-06BD-46D1-A2F7-53F4AC5351DA}.Release|Any CPU.Build.0 = Release|Any CPU
	EndGlobalSection
	GlobalSection(SolutionProperties) = preSolution
		HideSolutionNode = FALSE
	EndGlobalSection
	GlobalSection(ExtensibilityGlobals) = postSolution
		SolutionGuid = {18257E0A-048F-4266-B1F3-7E21D6905ACE}
	EndGlobalSection
EndGlobal
